// !$*UTF8*$!
{
	archiveVersion = 1;
	classes = {
	};
	objectVersion = 51;
	objects = {

/* Begin PBXBuildFile section */
		27061B886316889338B7943A /* Pods_Bienestapp.framework in Frameworks */ = {isa = PBXBuildFile; fileRef = 39687C711036226C809AEFCE /* Pods_Bienestapp.framework */; };
		7F24132D23D057AD00B5F10F /* AppDelegate.swift in Sources */ = {isa = PBXBuildFile; fileRef = 7F24132C23D057AD00B5F10F /* AppDelegate.swift */; };
		7F24132F23D057AD00B5F10F /* LoginController.swift in Sources */ = {isa = PBXBuildFile; fileRef = 7F24132E23D057AD00B5F10F /* LoginController.swift */; };
		7F24133223D057AD00B5F10F /* Main.storyboard in Resources */ = {isa = PBXBuildFile; fileRef = 7F24133023D057AD00B5F10F /* Main.storyboard */; };
		7F24133423D057B000B5F10F /* Assets.xcassets in Resources */ = {isa = PBXBuildFile; fileRef = 7F24133323D057B000B5F10F /* Assets.xcassets */; };
		7F24133723D057B000B5F10F /* LaunchScreen.storyboard in Resources */ = {isa = PBXBuildFile; fileRef = 7F24133523D057B000B5F10F /* LaunchScreen.storyboard */; };
		7F24133F23D0586400B5F10F /* RegisterController.swift in Sources */ = {isa = PBXBuildFile; fileRef = 7F24133E23D0586400B5F10F /* RegisterController.swift */; };
		7F24134123D05EBF00B5F10F /* RecoverController.swift in Sources */ = {isa = PBXBuildFile; fileRef = 7F24134023D05EBF00B5F10F /* RecoverController.swift */; };
		7F24134323D0632900B5F10F /* User.swift in Sources */ = {isa = PBXBuildFile; fileRef = 7F24134223D0632900B5F10F /* User.swift */; };
		7F754B9823E04CC1000F390F /* ProfileController.swift in Sources */ = {isa = PBXBuildFile; fileRef = 7F754B9723E04CC1000F390F /* ProfileController.swift */; };
		7FA3983523EABBDB00DF4057 /* StatsCell.swift in Sources */ = {isa = PBXBuildFile; fileRef = 7FA3983423EABBDB00DF4057 /* StatsCell.swift */; };
		7FA3983723EAE60F00DF4057 /* Restriction.swift in Sources */ = {isa = PBXBuildFile; fileRef = 7FA3983623EAE60F00DF4057 /* Restriction.swift */; };
		7FB1366123E301AE00B82144 /* ChangePasswordController.swift in Sources */ = {isa = PBXBuildFile; fileRef = 7FB1366023E301AE00B82144 /* ChangePasswordController.swift */; };
		7FB574CA23DF01F400BC6DE2 /* tableCell.swift in Sources */ = {isa = PBXBuildFile; fileRef = 7FB574C923DF01F400BC6DE2 /* tableCell.swift */; };
		7FB6B57623D9C4F80021D932 /* StatsController.swift in Sources */ = {isa = PBXBuildFile; fileRef = 7FB6B57523D9C4F80021D932 /* StatsController.swift */; };
		7FB6B57823D9C5640021D932 /* MapController.swift in Sources */ = {isa = PBXBuildFile; fileRef = 7FB6B57723D9C5640021D932 /* MapController.swift */; };
		7FB6B57A23D9C5A60021D932 /* RestrictController.swift in Sources */ = {isa = PBXBuildFile; fileRef = 7FB6B57923D9C5A60021D932 /* RestrictController.swift */; };
		7FD206CB23D5AFC10026D059 /* AppsController.swift in Sources */ = {isa = PBXBuildFile; fileRef = 7FD206CA23D5AFC10026D059 /* AppsController.swift */; };
		7FE8190323E81F4700B32CA7 /* ShowAppController.swift in Sources */ = {isa = PBXBuildFile; fileRef = 7FE8190223E81F4700B32CA7 /* ShowAppController.swift */; };
		7FE8190523E82CE600B32CA7 /* AppCelda.swift in Sources */ = {isa = PBXBuildFile; fileRef = 7FE8190423E82CE600B32CA7 /* AppCelda.swift */; };
/* End PBXBuildFile section */

/* Begin PBXFileReference section */
		39687C711036226C809AEFCE /* Pods_Bienestapp.framework */ = {isa = PBXFileReference; explicitFileType = wrapper.framework; includeInIndex = 0; path = Pods_Bienestapp.framework; sourceTree = BUILT_PRODUCTS_DIR; };
		555B806F4C08A408DB3B0B37 /* Pods-Bienestapp.release.xcconfig */ = {isa = PBXFileReference; includeInIndex = 1; lastKnownFileType = text.xcconfig; name = "Pods-Bienestapp.release.xcconfig"; path = "Target Support Files/Pods-Bienestapp/Pods-Bienestapp.release.xcconfig"; sourceTree = "<group>"; };
		7F24132923D057AD00B5F10F /* Bienestapp.app */ = {isa = PBXFileReference; explicitFileType = wrapper.application; includeInIndex = 0; path = Bienestapp.app; sourceTree = BUILT_PRODUCTS_DIR; };
		7F24132C23D057AD00B5F10F /* AppDelegate.swift */ = {isa = PBXFileReference; lastKnownFileType = sourcecode.swift; path = AppDelegate.swift; sourceTree = "<group>"; };
		7F24132E23D057AD00B5F10F /* LoginController.swift */ = {isa = PBXFileReference; lastKnownFileType = sourcecode.swift; path = LoginController.swift; sourceTree = "<group>"; };
		7F24133123D057AD00B5F10F /* Base */ = {isa = PBXFileReference; lastKnownFileType = file.storyboard; name = Base; path = Base.lproj/Main.storyboard; sourceTree = "<group>"; };
		7F24133323D057B000B5F10F /* Assets.xcassets */ = {isa = PBXFileReference; lastKnownFileType = folder.assetcatalog; path = Assets.xcassets; sourceTree = "<group>"; };
		7F24133623D057B000B5F10F /* Base */ = {isa = PBXFileReference; lastKnownFileType = file.storyboard; name = Base; path = Base.lproj/LaunchScreen.storyboard; sourceTree = "<group>"; };
		7F24133823D057B000B5F10F /* Info.plist */ = {isa = PBXFileReference; lastKnownFileType = text.plist.xml; path = Info.plist; sourceTree = "<group>"; };
		7F24133E23D0586400B5F10F /* RegisterController.swift */ = {isa = PBXFileReference; lastKnownFileType = sourcecode.swift; path = RegisterController.swift; sourceTree = "<group>"; };
		7F24134023D05EBF00B5F10F /* RecoverController.swift */ = {isa = PBXFileReference; lastKnownFileType = sourcecode.swift; path = RecoverController.swift; sourceTree = "<group>"; };
		7F24134223D0632900B5F10F /* User.swift */ = {isa = PBXFileReference; lastKnownFileType = sourcecode.swift; path = User.swift; sourceTree = "<group>"; };
		7F754B9723E04CC1000F390F /* ProfileController.swift */ = {isa = PBXFileReference; lastKnownFileType = sourcecode.swift; path = ProfileController.swift; sourceTree = "<group>"; };
		7FA3983423EABBDB00DF4057 /* StatsCell.swift */ = {isa = PBXFileReference; lastKnownFileType = sourcecode.swift; path = StatsCell.swift; sourceTree = "<group>"; };
		7FA3983623EAE60F00DF4057 /* Restriction.swift */ = {isa = PBXFileReference; lastKnownFileType = sourcecode.swift; path = Restriction.swift; sourceTree = "<group>"; };
		7FB1366023E301AE00B82144 /* ChangePasswordController.swift */ = {isa = PBXFileReference; lastKnownFileType = sourcecode.swift; path = ChangePasswordController.swift; sourceTree = "<group>"; };
		7FB574C923DF01F400BC6DE2 /* tableCell.swift */ = {isa = PBXFileReference; lastKnownFileType = sourcecode.swift; path = tableCell.swift; sourceTree = "<group>"; };
		7FB6B57523D9C4F80021D932 /* StatsController.swift */ = {isa = PBXFileReference; lastKnownFileType = sourcecode.swift; path = StatsController.swift; sourceTree = "<group>"; };
		7FB6B57723D9C5640021D932 /* MapController.swift */ = {isa = PBXFileReference; lastKnownFileType = sourcecode.swift; path = MapController.swift; sourceTree = "<group>"; };
		7FB6B57923D9C5A60021D932 /* RestrictController.swift */ = {isa = PBXFileReference; lastKnownFileType = sourcecode.swift; path = RestrictController.swift; sourceTree = "<group>"; };
		7FD206CA23D5AFC10026D059 /* AppsController.swift */ = {isa = PBXFileReference; lastKnownFileType = sourcecode.swift; path = AppsController.swift; sourceTree = "<group>"; };
		7FE8190223E81F4700B32CA7 /* ShowAppController.swift */ = {isa = PBXFileReference; lastKnownFileType = sourcecode.swift; path = ShowAppController.swift; sourceTree = "<group>"; };
		7FE8190423E82CE600B32CA7 /* AppCelda.swift */ = {isa = PBXFileReference; lastKnownFileType = sourcecode.swift; path = AppCelda.swift; sourceTree = "<group>"; };
		D2206B1C8855E9B45E2180D1 /* Pods-Bienestapp.debug.xcconfig */ = {isa = PBXFileReference; includeInIndex = 1; lastKnownFileType = text.xcconfig; name = "Pods-Bienestapp.debug.xcconfig"; path = "Target Support Files/Pods-Bienestapp/Pods-Bienestapp.debug.xcconfig"; sourceTree = "<group>"; };
/* End PBXFileReference section */

/* Begin PBXFrameworksBuildPhase section */
		7F24132623D057AD00B5F10F /* Frameworks */ = {
			isa = PBXFrameworksBuildPhase;
			buildActionMask = 2147483647;
			files = (
				27061B886316889338B7943A /* Pods_Bienestapp.framework in Frameworks */,
			);
			runOnlyForDeploymentPostprocessing = 0;
		};
/* End PBXFrameworksBuildPhase section */

/* Begin PBXGroup section */
		6E2CBE14BDDC6A8F32A3CC70 /* Frameworks */ = {
			isa = PBXGroup;
			children = (
				39687C711036226C809AEFCE /* Pods_Bienestapp.framework */,
			);
			name = Frameworks;
			sourceTree = "<group>";
		};
		7F24132023D057AD00B5F10F = {
			isa = PBXGroup;
			children = (
				7F24132B23D057AD00B5F10F /* Bienestapp */,
				7F24132A23D057AD00B5F10F /* Products */,
				F44A4B53AE1936AC601903F5 /* Pods */,
				6E2CBE14BDDC6A8F32A3CC70 /* Frameworks */,
			);
			sourceTree = "<group>";
		};
		7F24132A23D057AD00B5F10F /* Products */ = {
			isa = PBXGroup;
			children = (
				7F24132923D057AD00B5F10F /* Bienestapp.app */,
			);
			name = Products;
			sourceTree = "<group>";
		};
		7F24132B23D057AD00B5F10F /* Bienestapp */ = {
			isa = PBXGroup;
			children = (
				7F24132C23D057AD00B5F10F /* AppDelegate.swift */,
				7F24132E23D057AD00B5F10F /* LoginController.swift */,
				7F754B9723E04CC1000F390F /* ProfileController.swift */,
				7F24133023D057AD00B5F10F /* Main.storyboard */,
				7FA3983623EAE60F00DF4057 /* Restriction.swift */,
				7FE8190423E82CE600B32CA7 /* AppCelda.swift */,
				7FE8190223E81F4700B32CA7 /* ShowAppController.swift */,
				7FB1366023E301AE00B82144 /* ChangePasswordController.swift */,
				7FB574C923DF01F400BC6DE2 /* tableCell.swift */,
				7FA3983423EABBDB00DF4057 /* StatsCell.swift */,
				7F24134223D0632900B5F10F /* User.swift */,
				7F24134023D05EBF00B5F10F /* RecoverController.swift */,
				7F24133E23D0586400B5F10F /* RegisterController.swift */,
				7F24133323D057B000B5F10F /* Assets.xcassets */,
				7F24133523D057B000B5F10F /* LaunchScreen.storyboard */,
				7F24133823D057B000B5F10F /* Info.plist */,
				7FD206CA23D5AFC10026D059 /* AppsController.swift */,
				7FB6B57523D9C4F80021D932 /* StatsController.swift */,
				7FB6B57723D9C5640021D932 /* MapController.swift */,
				7FB6B57923D9C5A60021D932 /* RestrictController.swift */,
			);
			path = Bienestapp;
			sourceTree = "<group>";
		};
		F44A4B53AE1936AC601903F5 /* Pods */ = {
			isa = PBXGroup;
			children = (
				D2206B1C8855E9B45E2180D1 /* Pods-Bienestapp.debug.xcconfig */,
				555B806F4C08A408DB3B0B37 /* Pods-Bienestapp.release.xcconfig */,
			);
			path = Pods;
			sourceTree = "<group>";
		};
/* End PBXGroup section */

/* Begin PBXNativeTarget section */
		7F24132823D057AD00B5F10F /* Bienestapp */ = {
			isa = PBXNativeTarget;
			buildConfigurationList = 7F24133B23D057B000B5F10F /* Build configuration list for PBXNativeTarget "Bienestapp" */;
			buildPhases = (
				24FA1ADA7601D938413251F5 /* [CP] Check Pods Manifest.lock */,
				7F24132523D057AD00B5F10F /* Sources */,
				7F24132623D057AD00B5F10F /* Frameworks */,
				7F24132723D057AD00B5F10F /* Resources */,
				93FDFFB4CFFED9A464E72149 /* [CP] Embed Pods Frameworks */,
			);
			buildRules = (
			);
			dependencies = (
			);
			name = Bienestapp;
			productName = Bienestapp;
			productReference = 7F24132923D057AD00B5F10F /* Bienestapp.app */;
			productType = "com.apple.product-type.application";
		};
/* End PBXNativeTarget section */

/* Begin PBXProject section */
		7F24132123D057AD00B5F10F /* Project object */ = {
			isa = PBXProject;
			attributes = {
				LastSwiftUpdateCheck = 1020;
				LastUpgradeCheck = 1020;
				ORGANIZATIONNAME = alumnos;
				TargetAttributes = {
					7F24132823D057AD00B5F10F = {
						CreatedOnToolsVersion = 10.2.1;
					};
				};
			};
			buildConfigurationList = 7F24132423D057AD00B5F10F /* Build configuration list for PBXProject "Bienestapp" */;
			compatibilityVersion = "Xcode 9.3";
			developmentRegion = en;
			hasScannedForEncodings = 0;
			knownRegions = (
				en,
				Base,
			);
			mainGroup = 7F24132023D057AD00B5F10F;
			productRefGroup = 7F24132A23D057AD00B5F10F /* Products */;
			projectDirPath = "";
			projectRoot = "";
			targets = (
				7F24132823D057AD00B5F10F /* Bienestapp */,
			);
		};
/* End PBXProject section */

/* Begin PBXResourcesBuildPhase section */
		7F24132723D057AD00B5F10F /* Resources */ = {
			isa = PBXResourcesBuildPhase;
			buildActionMask = 2147483647;
			files = (
				7F24133723D057B000B5F10F /* LaunchScreen.storyboard in Resources */,
				7F24133423D057B000B5F10F /* Assets.xcassets in Resources */,
				7F24133223D057AD00B5F10F /* Main.storyboard in Resources */,
			);
			runOnlyForDeploymentPostprocessing = 0;
		};
/* End PBXResourcesBuildPhase section */

/* Begin PBXShellScriptBuildPhase section */
		24FA1ADA7601D938413251F5 /* [CP] Check Pods Manifest.lock */ = {
			isa = PBXShellScriptBuildPhase;
			buildActionMask = 2147483647;
			files = (
			);
			inputFileListPaths = (
			);
			inputPaths = (
				"${PODS_PODFILE_DIR_PATH}/Podfile.lock",
				"${PODS_ROOT}/Manifest.lock",
			);
			name = "[CP] Check Pods Manifest.lock";
			outputFileListPaths = (
			);
			outputPaths = (
				"$(DERIVED_FILE_DIR)/Pods-Bienestapp-checkManifestLockResult.txt",
			);
			runOnlyForDeploymentPostprocessing = 0;
			shellPath = /bin/sh;
			shellScript = "diff \"${PODS_PODFILE_DIR_PATH}/Podfile.lock\" \"${PODS_ROOT}/Manifest.lock\" > /dev/null\nif [ $? != 0 ] ; then\n    # print error to STDERR\n    echo \"error: The sandbox is not in sync with the Podfile.lock. Run 'pod install' or update your CocoaPods installation.\" >&2\n    exit 1\nfi\n# This output is used by Xcode 'outputs' to avoid re-running this script phase.\necho \"SUCCESS\" > \"${SCRIPT_OUTPUT_FILE_0}\"\n";
			showEnvVarsInLog = 0;
		};
		93FDFFB4CFFED9A464E72149 /* [CP] Embed Pods Frameworks */ = {
			isa = PBXShellScriptBuildPhase;
			buildActionMask = 2147483647;
			files = (
			);
			inputFileListPaths = (
				"${PODS_ROOT}/Target Support Files/Pods-Bienestapp/Pods-Bienestapp-frameworks-${CONFIGURATION}-input-files.xcfilelist",
			);
			name = "[CP] Embed Pods Frameworks";
			outputFileListPaths = (
				"${PODS_ROOT}/Target Support Files/Pods-Bienestapp/Pods-Bienestapp-frameworks-${CONFIGURATION}-output-files.xcfilelist",
			);
			runOnlyForDeploymentPostprocessing = 0;
			shellPath = /bin/sh;
			shellScript = "\"${PODS_ROOT}/Target Support Files/Pods-Bienestapp/Pods-Bienestapp-frameworks.sh\"\n";
			showEnvVarsInLog = 0;
		};
/* End PBXShellScriptBuildPhase section */

/* Begin PBXSourcesBuildPhase section */
		7F24132523D057AD00B5F10F /* Sources */ = {
			isa = PBXSourcesBuildPhase;
			buildActionMask = 2147483647;
			files = (
				7FB6B57A23D9C5A60021D932 /* RestrictController.swift in Sources */,
				7FB6B57823D9C5640021D932 /* MapController.swift in Sources */,
				7FA3983723EAE60F00DF4057 /* Restriction.swift in Sources */,
				7FB1366123E301AE00B82144 /* ChangePasswordController.swift in Sources */,
				7F24134123D05EBF00B5F10F /* RecoverController.swift in Sources */,
				7F24132F23D057AD00B5F10F /* LoginController.swift in Sources */,
				7F24132D23D057AD00B5F10F /* AppDelegate.swift in Sources */,
				7FE8190323E81F4700B32CA7 /* ShowAppController.swift in Sources */,
				7F24134323D0632900B5F10F /* User.swift in Sources */,
				7FB6B57623D9C4F80021D932 /* StatsController.swift in Sources */,
				7FA3983523EABBDB00DF4057 /* StatsCell.swift in Sources */,
				7F754B9823E04CC1000F390F /* ProfileController.swift in Sources */,
				7F24133F23D0586400B5F10F /* RegisterController.swift in Sources */,
				7FE8190523E82CE600B32CA7 /* AppCelda.swift in Sources */,
				7FB574CA23DF01F400BC6DE2 /* tableCell.swift in Sources */,
				7FD206CB23D5AFC10026D059 /* AppsController.swift in Sources */,
			);
			runOnlyForDeploymentPostprocessing = 0;
		};
/* End PBXSourcesBuildPhase section */

/* Begin PBXVariantGroup section */
		7F24133023D057AD00B5F10F /* Main.storyboard */ = {
			isa = PBXVariantGroup;
			children = (
				7F24133123D057AD00B5F10F /* Base */,
			);
			name = Main.storyboard;
			sourceTree = "<group>";
		};
		7F24133523D057B000B5F10F /* LaunchScreen.storyboard */ = {
			isa = PBXVariantGroup;
			children = (
				7F24133623D057B000B5F10F /* Base */,
			);
			name = LaunchScreen.storyboard;
			sourceTree = "<group>";
		};
/* End PBXVariantGroup section */

/* Begin XCBuildConfiguration section */
		7F24133923D057B000B5F10F /* Debug */ = {
			isa = XCBuildConfiguration;
			buildSettings = {
				ALWAYS_SEARCH_USER_PATHS = NO;
				CLANG_ANALYZER_NONNULL = YES;
				CLANG_ANALYZER_NUMBER_OBJECT_CONVERSION = YES_AGGRESSIVE;
				CLANG_CXX_LANGUAGE_STANDARD = "gnu++14";
				CLANG_CXX_LIBRARY = "libc++";
				CLANG_ENABLE_MODULES = YES;
				CLANG_ENABLE_OBJC_ARC = YES;
				CLANG_ENABLE_OBJC_WEAK = YES;
				CLANG_WARN_BLOCK_CAPTURE_AUTORELEASING = YES;
				CLANG_WARN_BOOL_CONVERSION = YES;
				CLANG_WARN_COMMA = YES;
				CLANG_WARN_CONSTANT_CONVERSION = YES;
				CLANG_WARN_DEPRECATED_OBJC_IMPLEMENTATIONS = YES;
				CLANG_WARN_DIRECT_OBJC_ISA_USAGE = YES_ERROR;
				CLANG_WARN_DOCUMENTATION_COMMENTS = YES;
				CLANG_WARN_EMPTY_BODY = YES;
				CLANG_WARN_ENUM_CONVERSION = YES;
				CLANG_WARN_INFINITE_RECURSION = YES;
				CLANG_WARN_INT_CONVERSION = YES;
				CLANG_WARN_NON_LITERAL_NULL_CONVERSION = YES;
				CLANG_WARN_OBJC_IMPLICIT_RETAIN_SELF = YES;
				CLANG_WARN_OBJC_LITERAL_CONVERSION = YES;
				CLANG_WARN_OBJC_ROOT_CLASS = YES_ERROR;
				CLANG_WARN_RANGE_LOOP_ANALYSIS = YES;
				CLANG_WARN_STRICT_PROTOTYPES = YES;
				CLANG_WARN_SUSPICIOUS_MOVE = YES;
				CLANG_WARN_UNGUARDED_AVAILABILITY = YES_AGGRESSIVE;
				CLANG_WARN_UNREACHABLE_CODE = YES;
				CLANG_WARN__DUPLICATE_METHOD_MATCH = YES;
				CODE_SIGN_IDENTITY = "iPhone Developer";
				COPY_PHASE_STRIP = NO;
				DEBUG_INFORMATION_FORMAT = dwarf;
				ENABLE_STRICT_OBJC_MSGSEND = YES;
				ENABLE_TESTABILITY = YES;
				GCC_C_LANGUAGE_STANDARD = gnu11;
				GCC_DYNAMIC_NO_PIC = NO;
				GCC_NO_COMMON_BLOCKS = YES;
				GCC_OPTIMIZATION_LEVEL = 0;
				GCC_PREPROCESSOR_DEFINITIONS = (
					"DEBUG=1",
					"$(inherited)",
				);
				GCC_WARN_64_TO_32_BIT_CONVERSION = YES;
				GCC_WARN_ABOUT_RETURN_TYPE = YES_ERROR;
				GCC_WARN_UNDECLARED_SELECTOR = YES;
				GCC_WARN_UNINITIALIZED_AUTOS = YES_AGGRESSIVE;
				GCC_WARN_UNUSED_FUNCTION = YES;
				GCC_WARN_UNUSED_VARIABLE = YES;
				IPHONEOS_DEPLOYMENT_TARGET = 12.2;
				MTL_ENABLE_DEBUG_INFO = INCLUDE_SOURCE;
				MTL_FAST_MATH = YES;
				ONLY_ACTIVE_ARCH = YES;
				SDKROOT = iphoneos;
				SWIFT_ACTIVE_COMPILATION_CONDITIONS = DEBUG;
				SWIFT_OPTIMIZATION_LEVEL = "-Onone";
			};
			name = Debug;
		};
		7F24133A23D057B000B5F10F /* Release */ = {
			isa = XCBuildConfiguration;
			buildSettings = {
				ALWAYS_SEARCH_USER_PATHS = NO;
				CLANG_ANALYZER_NONNULL = YES;
				CLANG_ANALYZER_NUMBER_OBJECT_CONVERSION = YES_AGGRESSIVE;
				CLANG_CXX_LANGUAGE_STANDARD = "gnu++14";
				CLANG_CXX_LIBRARY = "libc++";
				CLANG_ENABLE_MODULES = YES;
				CLANG_ENABLE_OBJC_ARC = YES;
				CLANG_ENABLE_OBJC_WEAK = YES;
				CLANG_WARN_BLOCK_CAPTURE_AUTORELEASING = YES;
				CLANG_WARN_BOOL_CONVERSION = YES;
				CLANG_WARN_COMMA = YES;
				CLANG_WARN_CONSTANT_CONVERSION = YES;
				CLANG_WARN_DEPRECATED_OBJC_IMPLEMENTATIONS = YES;
				CLANG_WARN_DIRECT_OBJC_ISA_USAGE = YES_ERROR;
				CLANG_WARN_DOCUMENTATION_COMMENTS = YES;
				CLANG_WARN_EMPTY_BODY = YES;
				CLANG_WARN_ENUM_CONVERSION = YES;
				CLANG_WARN_INFINITE_RECURSION = YES;
				CLANG_WARN_INT_CONVERSION = YES;
				CLANG_WARN_NON_LITERAL_NULL_CONVERSION = YES;
				CLANG_WARN_OBJC_IMPLICIT_RETAIN_SELF = YES;
				CLANG_WARN_OBJC_LITERAL_CONVERSION = YES;
				CLANG_WARN_OBJC_ROOT_CLASS = YES_ERROR;
				CLANG_WARN_RANGE_LOOP_ANALYSIS = YES;
				CLANG_WARN_STRICT_PROTOTYPES = YES;
				CLANG_WARN_SUSPICIOUS_MOVE = YES;
				CLANG_WARN_UNGUARDED_AVAILABILITY = YES_AGGRESSIVE;
				CLANG_WARN_UNREACHABLE_CODE = YES;
				CLANG_WARN__DUPLICATE_METHOD_MATCH = YES;
				CODE_SIGN_IDENTITY = "iPhone Developer";
				COPY_PHASE_STRIP = NO;
				DEBUG_INFORMATION_FORMAT = "dwarf-with-dsym";
				ENABLE_NS_ASSERTIONS = NO;
				ENABLE_STRICT_OBJC_MSGSEND = YES;
				GCC_C_LANGUAGE_STANDARD = gnu11;
				GCC_NO_COMMON_BLOCKS = YES;
				GCC_WARN_64_TO_32_BIT_CONVERSION = YES;
				GCC_WARN_ABOUT_RETURN_TYPE = YES_ERROR;
				GCC_WARN_UNDECLARED_SELECTOR = YES;
				GCC_WARN_UNINITIALIZED_AUTOS = YES_AGGRESSIVE;
				GCC_WARN_UNUSED_FUNCTION = YES;
				GCC_WARN_UNUSED_VARIABLE = YES;
				IPHONEOS_DEPLOYMENT_TARGET = 12.2;
				MTL_ENABLE_DEBUG_INFO = NO;
				MTL_FAST_MATH = YES;
				SDKROOT = iphoneos;
				SWIFT_COMPILATION_MODE = wholemodule;
				SWIFT_OPTIMIZATION_LEVEL = "-O";
				VALIDATE_PRODUCT = YES;
			};
			name = Release;
		};
		7F24133C23D057B000B5F10F /* Debug */ = {
			isa = XCBuildConfiguration;
			baseConfigurationReference = D2206B1C8855E9B45E2180D1 /* Pods-Bienestapp.debug.xcconfig */;
			buildSettings = {
				ASSETCATALOG_COMPILER_APPICON_NAME = AppIcon;
				CODE_SIGN_STYLE = Automatic;
				INFOPLIST_FILE = Bienestapp/Info.plist;
				LD_RUNPATH_SEARCH_PATHS = (
					"$(inherited)",
					"@executable_path/Frameworks",
				);
				PRODUCT_BUNDLE_IDENTIFIER = rick.Bienestapp;
				PRODUCT_NAME = "$(TARGET_NAME)";
				SWIFT_VERSION = 5.0;
				TARGETED_DEVICE_FAMILY = "1,2";
			};
			name = Debug;
		};
		7F24133D23D057B000B5F10F /* Release */ = {
			isa = XCBuildConfiguration;
			baseConfigurationReference = 555B806F4C08A408DB3B0B37 /* Pods-Bienestapp.release.xcconfig */;
			buildSettings = {
				ASSETCATALOG_COMPILER_APPICON_NAME = AppIcon;
				CODE_SIGN_STYLE = Automatic;
				INFOPLIST_FILE = Bienestapp/Info.plist;
				LD_RUNPATH_SEARCH_PATHS = (
					"$(inherited)",
					"@executable_path/Frameworks",
				);
				PRODUCT_BUNDLE_IDENTIFIER = rick.Bienestapp;
				PRODUCT_NAME = "$(TARGET_NAME)";
				SWIFT_VERSION = 5.0;
				TARGETED_DEVICE_FAMILY = "1,2";
			};
			name = Release;
		};
/* End XCBuildConfiguration section */

/* Begin XCConfigurationList section */
		7F24132423D057AD00B5F10F /* Build configuration list for PBXProject "Bienestapp" */ = {
			isa = XCConfigurationList;
			buildConfigurations = (
				7F24133923D057B000B5F10F /* Debug */,
				7F24133A23D057B000B5F10F /* Release */,
			);
			defaultConfigurationIsVisible = 0;
			defaultConfigurationName = Release;
		};
		7F24133B23D057B000B5F10F /* Build configuration list for PBXNativeTarget "Bienestapp" */ = {
			isa = XCConfigurationList;
			buildConfigurations = (
				7F24133C23D057B000B5F10F /* Debug */,
				7F24133D23D057B000B5F10F /* Release */,
			);
			defaultConfigurationIsVisible = 0;
			defaultConfigurationName = Release;
		};
/* End XCConfigurationList section */
	};
	rootObject = 7F24132123D057AD00B5F10F /* Project object */;
}
